{
    "_readme": [
        "This file locks the dependencies of your project to a known state",
        "Read more about it at https://getcomposer.org/doc/01-basic-usage.md#installing-dependencies",
        "This file is @generated automatically"
    ],
    "content-hash": "47a734dfc81bba1f757113bc9ba924db",
    "packages": [
        {
            "name": "brick/math",
            "version": "0.14.0",
            "source": {
                "type": "git",
                "url": "https://github.com/brick/math.git",
                "reference": "113a8ee2656b882d4c3164fa31aa6e12cbb7aaa2"
            },
            "dist": {
                "type": "zip",
                "url": "https://api.github.com/repos/brick/math/zipball/113a8ee2656b882d4c3164fa31aa6e12cbb7aaa2",
                "reference": "113a8ee2656b882d4c3164fa31aa6e12cbb7aaa2",
                "shasum": ""
            },
            "require": {
                "php": "^8.2"
            },
            "require-dev": {
                "php-coveralls/php-coveralls": "^2.2",
                "phpstan/phpstan": "2.1.22",
                "phpunit/phpunit": "^11.5"
            },
            "type": "library",
            "autoload": {
                "psr-4": {
                    "Brick\\Math\\": "src/"
                }
            },
            "notification-url": "https://packagist.org/downloads/",
            "license": [
                "MIT"
            ],
            "description": "Arbitrary-precision arithmetic library",
            "keywords": [
                "Arbitrary-precision",
                "BigInteger",
                "BigRational",
                "arithmetic",
                "bigdecimal",
                "bignum",
                "bignumber",
                "brick",
                "decimal",
                "integer",
                "math",
                "mathematics",
                "rational"
            ],
            "support": {
                "issues": "https://github.com/brick/math/issues",
                "source": "https://github.com/brick/math/tree/0.14.0"
            },
            "funding": [
                {
                    "url": "https://github.com/BenMorel",
                    "type": "github"
                }
            ],
            "time": "2025-08-29T12:40:03+00:00"
        },
        {
            "name": "dragonmantank/cron-expression",
            "version": "v3.3.3",
            "source": {
                "type": "git",
                "url": "https://github.com/dragonmantank/cron-expression.git",
                "reference": "adfb1f505deb6384dc8b39804c5065dd3c8c8c0a"
            },
            "dist": {
                "type": "zip",
                "url": "https://api.github.com/repos/dragonmantank/cron-expression/zipball/adfb1f505deb6384dc8b39804c5065dd3c8c8c0a",
                "reference": "adfb1f505deb6384dc8b39804c5065dd3c8c8c0a",
                "shasum": ""
            },
            "require": {
                "php": "^7.2|^8.0",
                "webmozart/assert": "^1.0"
            },
            "replace": {
                "mtdowling/cron-expression": "^1.0"
            },
            "require-dev": {
                "phpstan/extension-installer": "^1.0",
                "phpstan/phpstan": "^1.0",
                "phpstan/phpstan-webmozart-assert": "^1.0",
                "phpunit/phpunit": "^7.0|^8.0|^9.0"
            },
            "type": "library",
            "autoload": {
                "psr-4": {
                    "Cron\\": "src/Cron/"
                }
            },
            "notification-url": "https://packagist.org/downloads/",
            "license": [
                "MIT"
            ],
            "authors": [
                {
                    "name": "Chris Tankersley",
                    "email": "chris@ctankersley.com",
                    "homepage": "https://github.com/dragonmantank"
                }
            ],
            "description": "CRON for PHP: Calculate the next or previous run date and determine if a CRON expression is due",
            "keywords": [
                "cron",
                "schedule"
            ],
            "support": {
                "issues": "https://github.com/dragonmantank/cron-expression/issues",
                "source": "https://github.com/dragonmantank/cron-expression/tree/v3.3.3"
            },
            "funding": [
                {
                    "url": "https://github.com/dragonmantank",
                    "type": "github"
                }
            ],
            "time": "2023-08-10T19:36:49+00:00"
        },
        {
            "name": "losthost/bot-view",
            "version": "v2.4.0",
            "source": {
                "type": "git",
                "url": "https://github.com/Datahider/BotView.git",
                "reference": "ac61546c08450bdeb269317feeade1faf2e42d83"
            },
            "dist": {
                "type": "zip",
                "url": "https://api.github.com/repos/Datahider/BotView/zipball/ac61546c08450bdeb269317feeade1faf2e42d83",
                "reference": "ac61546c08450bdeb269317feeade1faf2e42d83",
                "shasum": ""
            },
            "require": {
                "losthost/template-helper": "v1.0.0",
                "telegram-bot/api": "2.6.x-dev"
            },
            "require-dev": {
                "phpunit/phpunit": "10.3.5"
            },
            "type": "library",
            "autoload": {
                "psr-4": {
                    "losthost\\BotView\\": "src/"
                }
            },
            "notification-url": "https://packagist.org/downloads/",
            "authors": [
                {
                    "name": "drweb",
                    "email": "pio@pio.su"
                }
            ],
            "description": "Description of project Swanctl-BotView.",
            "support": {
                "issues": "https://github.com/Datahider/BotView/issues",
                "source": "https://github.com/Datahider/BotView/tree/v2.4.0"
            },
            "time": "2024-05-26T15:17:01+00:00"
        },
        {
            "name": "losthost/db",
            "version": "3.0.13-beta",
            "source": {
                "type": "git",
                "url": "https://github.com/Datahider/DB.git",
                "reference": "21115910ca803cedc6b9d79fa6f732f2ae5892f8"
            },
            "dist": {
                "type": "zip",
                "url": "https://api.github.com/repos/Datahider/DB/zipball/21115910ca803cedc6b9d79fa6f732f2ae5892f8",
                "reference": "21115910ca803cedc6b9d79fa6f732f2ae5892f8",
                "shasum": ""
            },
            "require": {
                "php": "^8.1.1"
            },
            "require-dev": {
                "phpunit/phpunit": "10.4.2"
            },
            "type": "class",
            "autoload": {
                "psr-4": {
                    "losthost\\DB\\": "src",
                    "losthost\\DB\\test\\": "test"
                }
            },
            "notification-url": "https://packagist.org/downloads/",
            "license": [
                "MIT"
            ],
            "authors": [
                {
                    "name": "Peter Ioannidis",
                    "email": "pio@pio.su",
                    "homepage": "https://i.pio.su",
                    "role": "Ideologist"
                }
            ],
            "description": "Database access with so called DB Objects (descendants of class DBObject)",
            "homepage": "https://github.com/datahider/DB",
            "keywords": [
                "database",
                "db"
            ],
            "support": {
                "issues": "https://github.com/Datahider/DB/issues",
                "source": "https://github.com/Datahider/DB/tree/3.0.13-beta"
            },
            "time": "2024-11-16T04:12:38+00:00"
        },
        {
            "name": "losthost/oberbot",
            "version": "0.0.124",
            "source": {
                "type": "git",
                "url": "https://github.com/Datahider/Oberbot.git",
                "reference": "b4d7345db9b9e052663df66878082fd4e11e6d5c"
            },
            "dist": {
                "type": "zip",
                "url": "https://api.github.com/repos/Datahider/Oberbot/zipball/b4d7345db9b9e052663df66878082fd4e11e6d5c",
                "reference": "b4d7345db9b9e052663df66878082fd4e11e6d5c",
                "shasum": ""
            },
            "require": {
                "losthost/bot-view": "^2.4",
                "losthost/proxy-message": "dev-master",
                "losthost/telle": "^4.4",
                "losthost/time-tracker": "^v1",
                "ramsey/uuid": "^4.7"
            },
            "require-dev": {
                "phpunit/phpunit": "11.4.2"
            },
            "type": "library",
            "autoload": {
                "psr-4": {
                    "losthost\\Oberbot\\": "bot/"
                }
            },
            "notification-url": "https://packagist.org/downloads/",
            "authors": [
                {
                    "name": "Petros Ioannidis",
                    "email": "pio@pio.su"
                }
            ],
            "description": "A helpdesk/task-manager bot",
            "support": {
                "issues": "https://github.com/Datahider/Oberbot/issues",
                "source": "https://github.com/Datahider/Oberbot/tree/0.0.124"
            },
            "time": "2025-10-13T08:06:56+00:00"
        },
        {
            "name": "losthost/oberbot-model",
            "version": "2.0.0",
            "source": {
                "type": "git",
                "url": "https://github.com/Datahider/oberbot-model.git",
                "reference": "cc4bd9f55247d92770c808fbe641ea73a8fab157"
            },
            "dist": {
                "type": "zip",
                "url": "https://api.github.com/repos/Datahider/oberbot-model/zipball/cc4bd9f55247d92770c808fbe641ea73a8fab157",
                "reference": "cc4bd9f55247d92770c808fbe641ea73a8fab157",
                "shasum": ""
            },
            "require": {
                "losthost/db": "^3"
            },
            "require-dev": {
                "phpunit/phpunit": "10.5.10"
            },
            "type": "library",
            "autoload": {
                "psr-4": {
                    "losthost\\OberbotModel\\": "src/",
                    "losthost\\OberbotModel\\Test\\": "test/"
                }
            },
            "notification-url": "https://packagist.org/downloads/",
            "authors": [
                {
                    "name": "Petros Ioannidis",
                    "email": "pio@pio.su"
                }
            ],
            "description": "Description of project Oberbot-Model.",
            "support": {
                "issues": "https://github.com/Datahider/oberbot-model/issues",
                "source": "https://github.com/Datahider/oberbot-model/tree/2.0.0"
            },
            "time": "2025-09-26T08:28:25+00:00"
        },
        {
            "name": "losthost/proxy-message",
            "version": "dev-master",
            "source": {
                "type": "git",
                "url": "https://github.com/Datahider/ProxyMessage.git",
                "reference": "0933bb28631c40df4cee6ceefc526fcebd98adae"
            },
            "dist": {
                "type": "zip",
                "url": "https://api.github.com/repos/Datahider/ProxyMessage/zipball/0933bb28631c40df4cee6ceefc526fcebd98adae",
                "reference": "0933bb28631c40df4cee6ceefc526fcebd98adae",
                "shasum": ""
            },
            "require": {
                "losthost/db": "^v3",
                "telegram-bot/api": "^2.6"
            },
            "default-branch": true,
            "type": "library",
            "autoload": {
                "psr-4": {
                    "losthost\\ProxyMessage\\": "src"
                }
            },
            "notification-url": "https://packagist.org/downloads/",
            "authors": [
                {
                    "name": "drweb",
                    "email": "pio@pio.su"
                }
            ],
            "description": "Proxies received message of class \\TelegramBot\\Api\\Types\\Message to the given chat.",
            "support": {
                "issues": "https://github.com/Datahider/ProxyMessage/issues",
                "source": "https://github.com/Datahider/ProxyMessage/tree/master"
            },
            "time": "2025-01-28T15:46:17+00:00"
        },
        {
            "name": "losthost/telle",
            "version": "4.4.1b",
            "source": {
                "type": "git",
                "url": "https://github.com/Datahider/Telle.git",
                "reference": "7236d089c4d7235925c186c8537dd0d55ec39428"
            },
            "dist": {
                "type": "zip",
                "url": "https://api.github.com/repos/Datahider/Telle/zipball/7236d089c4d7235925c186c8537dd0d55ec39428",
                "reference": "7236d089c4d7235925c186c8537dd0d55ec39428",
                "shasum": ""
            },
            "require": {
                "dragonmantank/cron-expression": "v3.3.3",
                "losthost/db": "^3",
                "php": ">=8.1.1",
                "telegram-bot/api": "2.6.x-dev"
            },
            "type": "library",
            "autoload": {
                "psr-4": {
                    "losthost\\telle\\": "src/"
                }
            },
            "notification-url": "https://packagist.org/downloads/",
            "authors": [
                {
                    "name": "drweb",
                    "email": "pio@pio.su"
                }
            ],
            "description": "A simple template for extreme complex bot",
            "support": {
                "issues": "https://github.com/Datahider/Telle/issues",
                "source": "https://github.com/Datahider/Telle/tree/4.4.1b"
            },
            "time": "2025-07-05T07:05:30+00:00"
        },
        {
            "name": "losthost/template-helper",
            "version": "v1.0.0",
            "source": {
                "type": "git",
                "url": "https://github.com/Datahider/Template-Helper.git",
                "reference": "ac736193cf0ddb34eac43dc6f2dab5b104777f75"
            },
            "dist": {
                "type": "zip",
                "url": "https://api.github.com/repos/Datahider/Template-Helper/zipball/ac736193cf0ddb34eac43dc6f2dab5b104777f75",
                "reference": "ac736193cf0ddb34eac43dc6f2dab5b104777f75",
                "shasum": ""
            },
            "require-dev": {
                "phpunit/phpunit": "10.3.5"
            },
            "type": "library",
            "autoload": {
                "psr-4": {
                    "losthost\\templateHelper\\": "src/"
                }
            },
            "notification-url": "https://packagist.org/downloads/",
            "authors": [
                {
                    "name": "drweb",
                    "email": "pio@pio.su"
                }
            ],
            "description": "A helper class to use php-templates",
            "support": {
                "issues": "https://github.com/Datahider/Template-Helper/issues",
                "source": "https://github.com/Datahider/Template-Helper/tree/v1.0.0"
            },
            "time": "2023-10-06T00:12:12+00:00"
        },
        {
            "name": "losthost/time-tracker",
            "version": "v1.1.2",
            "source": {
                "type": "git",
                "url": "https://github.com/Datahider/time-tracker.git",
                "reference": "ea537342c2697940967f0f31fc47feb1108b7348"
            },
            "dist": {
                "type": "zip",
                "url": "https://api.github.com/repos/Datahider/time-tracker/zipball/ea537342c2697940967f0f31fc47feb1108b7348",
                "reference": "ea537342c2697940967f0f31fc47feb1108b7348",
                "shasum": ""
            },
            "require": {
                "losthost/db": "^3"
            },
            "require-dev": {
                "phpunit/phpunit": "^10"
            },
            "type": "library",
            "autoload": {
                "psr-4": {
                    "losthost\\timetracker\\": "src"
                }
            },
            "notification-url": "https://packagist.org/downloads/",
            "authors": [
                {
                    "name": "drweb",
                    "email": "pio@pio.su"
                }
            ],
            "description": "Description of project time-tracker.",
            "support": {
                "issues": "https://github.com/Datahider/time-tracker/issues",
                "source": "https://github.com/Datahider/time-tracker/tree/v1.1.2"
            },
            "time": "2024-12-24T14:51:18+00:00"
        },
        {
            "name": "ramsey/collection",
            "version": "2.1.1",
            "source": {
                "type": "git",
                "url": "https://github.com/ramsey/collection.git",
                "reference": "344572933ad0181accbf4ba763e85a0306a8c5e2"
            },
            "dist": {
                "type": "zip",
                "url": "https://api.github.com/repos/ramsey/collection/zipball/344572933ad0181accbf4ba763e85a0306a8c5e2",
                "reference": "344572933ad0181accbf4ba763e85a0306a8c5e2",
                "shasum": ""
            },
            "require": {
                "php": "^8.1"
            },
            "require-dev": {
                "captainhook/plugin-composer": "^5.3",
                "ergebnis/composer-normalize": "^2.45",
                "fakerphp/faker": "^1.24",
                "hamcrest/hamcrest-php": "^2.0",
                "jangregor/phpstan-prophecy": "^2.1",
                "mockery/mockery": "^1.6",
                "php-parallel-lint/php-console-highlighter": "^1.0",
                "php-parallel-lint/php-parallel-lint": "^1.4",
                "phpspec/prophecy-phpunit": "^2.3",
                "phpstan/extension-installer": "^1.4",
                "phpstan/phpstan": "^2.1",
                "phpstan/phpstan-mockery": "^2.0",
                "phpstan/phpstan-phpunit": "^2.0",
                "phpunit/phpunit": "^10.5",
                "ramsey/coding-standard": "^2.3",
                "ramsey/conventional-commits": "^1.6",
                "roave/security-advisories": "dev-latest"
            },
            "type": "library",
            "extra": {
                "captainhook": {
                    "force-install": true
                },
                "ramsey/conventional-commits": {
                    "configFile": "conventional-commits.json"
                }
            },
            "autoload": {
                "psr-4": {
                    "Ramsey\\Collection\\": "src/"
                }
            },
            "notification-url": "https://packagist.org/downloads/",
            "license": [
                "MIT"
            ],
            "authors": [
                {
                    "name": "Ben Ramsey",
                    "email": "ben@benramsey.com",
                    "homepage": "https://benramsey.com"
                }
            ],
            "description": "A PHP library for representing and manipulating collections.",
            "keywords": [
                "array",
                "collection",
                "hash",
                "map",
                "queue",
                "set"
            ],
            "support": {
                "issues": "https://github.com/ramsey/collection/issues",
                "source": "https://github.com/ramsey/collection/tree/2.1.1"
            },
            "time": "2025-03-22T05:38:12+00:00"
        },
        {
            "name": "ramsey/uuid",
            "version": "4.x-dev",
            "source": {
                "type": "git",
                "url": "https://github.com/ramsey/uuid.git",
                "reference": "cd47a01a1f7c9f54b34b06ec53148a80dc5fe181"
            },
            "dist": {
                "type": "zip",
                "url": "https://api.github.com/repos/ramsey/uuid/zipball/cd47a01a1f7c9f54b34b06ec53148a80dc5fe181",
                "reference": "cd47a01a1f7c9f54b34b06ec53148a80dc5fe181",
                "shasum": ""
            },
            "require": {
                "brick/math": "^0.8.8 || ^0.9 || ^0.10 || ^0.11 || ^0.12 || ^0.13 || ^0.14",
                "php": "^8.0",
                "ramsey/collection": "^1.2 || ^2.0"
            },
            "replace": {
                "rhumsaa/uuid": "self.version"
            },
            "require-dev": {
                "captainhook/captainhook": "^5.25",
                "captainhook/plugin-composer": "^5.3",
                "dealerdirect/phpcodesniffer-composer-installer": "^1.0",
                "ergebnis/composer-normalize": "^2.47",
                "mockery/mockery": "^1.6",
                "paragonie/random-lib": "^2",
                "php-mock/php-mock": "^2.6",
                "php-mock/php-mock-mockery": "^1.5",
                "php-parallel-lint/php-parallel-lint": "^1.4.0",
                "phpbench/phpbench": "^1.2.14",
                "phpstan/extension-installer": "^1.4",
                "phpstan/phpstan": "^2.1",
                "phpstan/phpstan-mockery": "^2.0",
                "phpstan/phpstan-phpunit": "^2.0",
                "phpunit/phpunit": "^9.6",
                "slevomat/coding-standard": "^8.18",
                "squizlabs/php_codesniffer": "^3.13"
            },
            "suggest": {
                "ext-bcmath": "Enables faster math with arbitrary-precision integers using BCMath.",
                "ext-gmp": "Enables faster math with arbitrary-precision integers using GMP.",
                "ext-uuid": "Enables the use of PeclUuidTimeGenerator and PeclUuidRandomGenerator.",
                "paragonie/random-lib": "Provides RandomLib for use with the RandomLibAdapter",
                "ramsey/uuid-doctrine": "Allows the use of Ramsey\\Uuid\\Uuid as Doctrine field type."
            },
            "default-branch": true,
            "type": "library",
            "extra": {
                "captainhook": {
                    "force-install": true
                }
            },
            "autoload": {
                "files": [
                    "src/functions.php"
                ],
                "psr-4": {
                    "Ramsey\\Uuid\\": "src/"
                }
            },
            "notification-url": "https://packagist.org/downloads/",
            "license": [
                "MIT"
            ],
            "description": "A PHP library for generating and working with universally unique identifiers (UUIDs).",
            "keywords": [
                "guid",
                "identifier",
                "uuid"
            ],
            "support": {
                "issues": "https://github.com/ramsey/uuid/issues",
                "source": "https://github.com/ramsey/uuid/tree/4.x"
            },
            "time": "2025-10-06T21:07:16+00:00"
        },
        {
            "name": "telegram-bot/api",
            "version": "dev-master",
            "source": {
                "type": "git",
                "url": "https://github.com/TelegramBot/Api.git",
                "reference": "a8edf2e69554e2bd0bb63cad7b6d71f1d514d1b2"
            },
            "dist": {
                "type": "zip",
                "url": "https://api.github.com/repos/TelegramBot/Api/zipball/a8edf2e69554e2bd0bb63cad7b6d71f1d514d1b2",
                "reference": "a8edf2e69554e2bd0bb63cad7b6d71f1d514d1b2",
                "shasum": ""
            },
            "require": {
                "ext-curl": "*",
                "ext-json": "*",
                "php": ">=8.1"
            },
            "require-dev": {
                "friendsofphp/php-cs-fixer": "~3.28.0",
                "guzzlehttp/guzzle": "^7.0",
                "php-http/multipart-stream-builder": "^1.0",
                "psr/http-client": "^1.0",
                "psr/http-factory": "^1.0",
                "symfony/http-client": "^4.3 | ^5.0 | ^6.0",
                "symfony/mime": "^4.3 | ^5.0 | ^6.0",
                "symfony/phpunit-bridge": "*",
                "vimeo/psalm": "^5.9"
            },
            "suggest": {
                "guzzlehttp/guzzle": "To use guzzlehttp/guzzle psr implementation",
                "php-http/multipart-stream-builder": "To use psr/http-client",
                "psr/http-client": "To use psr/http-client",
                "psr/http-factory": "To use psr/http-client",
                "symfony/http-client": "To use symfony/http-client",
                "symfony/mime": "To use symfony/http-client"
            },
            "default-branch": true,
            "type": "library",
            "extra": {
                "branch-alias": {
                    "dev-master": "2.6-dev"
                }
            },
            "autoload": {
                "psr-4": {
                    "TelegramBot\\Api\\": "src"
                }
            },
            "notification-url": "https://packagist.org/downloads/",
            "license": [
                "MIT"
            ],
            "authors": [
                {
                    "name": "Ilya Gusev",
                    "email": "mail@igusev.ru",
                    "homepage": "https://php-cat.com",
                    "role": "Developer"
                }
            ],
            "description": "PHP Wrapper for Telegram Bot API",
            "homepage": "https://github.com/TelegramBot/Api",
            "keywords": [
                "bot",
                "bot api",
                "php",
                "telegram"
            ],
            "support": {
                "issues": "https://github.com/TelegramBot/Api/issues",
                "source": "https://github.com/TelegramBot/Api/tree/master"
            },
            "time": "2025-07-10T12:31:50+00:00"
        },
        {
            "name": "webmozart/assert",
            "version": "1.11.0",
            "source": {
                "type": "git",
                "url": "https://github.com/webmozarts/assert.git",
                "reference": "11cb2199493b2f8a3b53e7f19068fc6aac760991"
            },
            "dist": {
                "type": "zip",
                "url": "https://api.github.com/repos/webmozarts/assert/zipball/11cb2199493b2f8a3b53e7f19068fc6aac760991",
                "reference": "11cb2199493b2f8a3b53e7f19068fc6aac760991",
                "shasum": ""
            },
            "require": {
                "ext-ctype": "*",
                "php": "^7.2 || ^8.0"
            },
            "conflict": {
                "phpstan/phpstan": "<0.12.20",
                "vimeo/psalm": "<4.6.1 || 4.6.2"
            },
            "require-dev": {
                "phpunit/phpunit": "^8.5.13"
            },
            "type": "library",
            "extra": {
                "branch-alias": {
                    "dev-master": "1.10-dev"
                }
            },
            "autoload": {
                "psr-4": {
                    "Webmozart\\Assert\\": "src/"
                }
            },
            "notification-url": "https://packagist.org/downloads/",
            "license": [
                "MIT"
            ],
            "authors": [
                {
                    "name": "Bernhard Schussek",
                    "email": "bschussek@gmail.com"
                }
            ],
            "description": "Assertions to validate method input/output with nice error messages.",
            "keywords": [
                "assert",
                "check",
                "validate"
            ],
            "support": {
                "issues": "https://github.com/webmozarts/assert/issues",
                "source": "https://github.com/webmozarts/assert/tree/1.11.0"
            },
            "time": "2022-06-03T18:03:27+00:00"
        }
    ],
    "packages-dev": [],
    "aliases": [],
    "minimum-stability": "dev",
    "stability-flags": [],
    "prefer-stable": false,
    "prefer-lowest": false,
    "platform": [],
    "platform-dev": [],
    "plugin-api-version": "2.6.0"
}
